
Microsoft Visual Studio Solution File, Format Version 12.00
# Visual Studio Version 17
VisualStudioVersion = 17.9.34701.34
MinimumVisualStudioVersion = 10.0.40219.1
Project("{FAE04EC0-301F-11D3-BF4B-00C04F79EFBC}") = "MenuOrder", "MenuOrder\MenuOrder.csproj", "{5CE9114E-3ED9-4822-AD05-39ABD7A8DA40}"
EndProject
Global
	GlobalSection(SolutionConfigurationPlatforms) = preSolution
		Debug|Any CPU = Debug|Any CPU
		Release|Any CPU = Release|Any CPU
	EndGlobalSection
	GlobalSection(ProjectConfigurationPlatforms) = postSolution
		{5CE9114E-3ED9-4822-AD05-39ABD7A8DA40}.Debug|Any CPU.ActiveCfg = Debug|Any CPU
		{5CE9114E-3ED9-4822-AD05-39ABD7A8DA40}.Debug|Any CPU.Build.0 = Debug|Any CPU
		{5CE9114E-3ED9-4822-AD05-39ABD7A8DA40}.Release|Any CPU.ActiveCfg = Release|Any CPU
		{5CE9114E-3ED9-4822-AD05-39ABD7A8DA40}.Release|Any CPU.Build.0 = Release|Any CPU
	EndGlobalSection
	GlobalSection(SolutionProperties) = preSolution
		HideSolutionNode = FALSE
	EndGlobalSection
	GlobalSection(ExtensibilityGlobals) = postSolution
		SolutionGuid = {54C0CB98-7D03-4EB2-B981-EB6AE75E455C}
	EndGlobalSection
EndGlobal
